
Microsoft Visual Studio Solution File, Format Version 12.00
# Visual Studio Version 17
VisualStudioVersion = 17.7.34031.279
MinimumVisualStudioVersion = 10.0.40219.1
Project("{FAE04EC0-301F-11D3-BF4B-00C04F79EFBC}") = "10.6", "10.6\10.6.csproj", "{2E6B5387-F318-40EF-AC5E-4AEA99D36EFA}"
EndProject
Global
	GlobalSection(SolutionConfigurationPlatforms) = preSolution
		Debug|Any CPU = Debug|Any CPU
		Release|Any CPU = Release|Any CPU
	EndGlobalSection
	GlobalSection(ProjectConfigurationPlatforms) = postSolution
		{2E6B5387-F318-40EF-AC5E-4AEA99D36EFA}.Debug|Any CPU.ActiveCfg = Debug|Any CPU
		{2E6B5387-F318-40EF-AC5E-4AEA99D36EFA}.Debug|Any CPU.Build.0 = Debug|Any CPU
		{2E6B5387-F318-40EF-AC5E-4AEA99D36EFA}.Release|Any CPU.ActiveCfg = Release|Any CPU
		{2E6B5387-F318-40EF-AC5E-4AEA99D36EFA}.Release|Any CPU.Build.0 = Release|Any CPU
	EndGlobalSection
	GlobalSection(SolutionProperties) = preSolution
		HideSolutionNode = FALSE
	EndGlobalSection
	GlobalSection(ExtensibilityGlobals) = postSolution
		SolutionGuid = {7463420F-E862-4954-9800-AB8268AFC08F}
	EndGlobalSection
EndGlobal
